
Microsoft Visual Studio Solution File, Format Version 12.00
# Visual Studio 15
VisualStudioVersion = 15.0.28307.102
MinimumVisualStudioVersion = 10.0.40219.1
Project("{FAE04EC0-301F-11D3-BF4B-00C04F79EFBC}") = "SerialSendTest", "SerialSendTest\SerialSendTest.csproj", "{D59B2069-BF72-4784-925C-42F6605C7096}"
EndProject
Global
	GlobalSection(SolutionConfigurationPlatforms) = preSolution
		Debug|Any CPU = Debug|Any CPU
		Release|Any CPU = Release|Any CPU
	EndGlobalSection
	GlobalSection(ProjectConfigurationPlatforms) = postSolution
		{D59B2069-BF72-4784-925C-42F6605C7096}.Debug|Any CPU.ActiveCfg = Debug|Any CPU
		{D59B2069-BF72-4784-925C-42F6605C7096}.Debug|Any CPU.Build.0 = Debug|Any CPU
		{D59B2069-BF72-4784-925C-42F6605C7096}.Release|Any CPU.ActiveCfg = Release|Any CPU
		{D59B2069-BF72-4784-925C-42F6605C7096}.Release|Any CPU.Build.0 = Release|Any CPU
	EndGlobalSection
	GlobalSection(SolutionProperties) = preSolution
		HideSolutionNode = FALSE
	EndGlobalSection
	GlobalSection(ExtensibilityGlobals) = postSolution
		SolutionGuid = {8EC1E5D2-B8BB-4EB3-BECA-8C8668112D85}
	EndGlobalSection
EndGlobal
